// !$*UTF8*$!
{
	archiveVersion = 1;
	classes = {
	};
	objectVersion = 56;
	objects = {

/* Begin PBXBuildFile section */
		E48DE74C2B82A4D900D16073 /* MemoryFaceApp.swift in Sources */ = {isa = PBXBuildFile; fileRef = E48DE74B2B82A4D900D16073 /* MemoryFaceApp.swift */; };
		E48DE74E2B82A4D900D16073 /* ContentView.swift in Sources */ = {isa = PBXBuildFile; fileRef = E48DE74D2B82A4D900D16073 /* ContentView.swift */; };
		E48DE7502B82A4DE00D16073 /* Assets.xcassets in Resources */ = {isa = PBXBuildFile; fileRef = E48DE74F2B82A4DE00D16073 /* Assets.xcassets */; };
		E48DE7532B82A4DE00D16073 /* Preview Assets.xcassets in Resources */ = {isa = PBXBuildFile; fileRef = E48DE7522B82A4DE00D16073 /* Preview Assets.xcassets */; };
		E48DE75A2B82A57B00D16073 /* Person.swift in Sources */ = {isa = PBXBuildFile; fileRef = E48DE7592B82A57B00D16073 /* Person.swift */; };
		E48DE75C2B82A58A00D16073 /* DetailView.swift in Sources */ = {isa = PBXBuildFile; fileRef = E48DE75B2B82A58A00D16073 /* DetailView.swift */; };
		E48DE75E2B82A5B100D16073 /* ContentView-ViewModel.swift in Sources */ = {isa = PBXBuildFile; fileRef = E48DE75D2B82A5B100D16073 /* ContentView-ViewModel.swift */; };
		E48DE7602B82A5BF00D16073 /* DetailView-ViewModel.swift in Sources */ = {isa = PBXBuildFile; fileRef = E48DE75F2B82A5BF00D16073 /* DetailView-ViewModel.swift */; };
		E48DE7622B82AE6D00D16073 /* AddView.swift in Sources */ = {isa = PBXBuildFile; fileRef = E48DE7612B82AE6D00D16073 /* AddView.swift */; };
		E48DE7642B84427800D16073 /* AddView-ViewModel.swift in Sources */ = {isa = PBXBuildFile; fileRef = E48DE7632B84427800D16073 /* AddView-ViewModel.swift */; };
/* End PBXBuildFile section */

/* Begin PBXFileReference section */
		E48DE7482B82A4D900D16073 /* MemoryFace.app */ = {isa = PBXFileReference; explicitFileType = wrapper.application; includeInIndex = 0; path = MemoryFace.app; sourceTree = BUILT_PRODUCTS_DIR; };
		E48DE74B2B82A4D900D16073 /* MemoryFaceApp.swift */ = {isa = PBXFileReference; lastKnownFileType = sourcecode.swift; path = MemoryFaceApp.swift; sourceTree = "<group>"; };
		E48DE74D2B82A4D900D16073 /* ContentView.swift */ = {isa = PBXFileReference; lastKnownFileType = sourcecode.swift; path = ContentView.swift; sourceTree = "<group>"; };
		E48DE74F2B82A4DE00D16073 /* Assets.xcassets */ = {isa = PBXFileReference; lastKnownFileType = folder.assetcatalog; path = Assets.xcassets; sourceTree = "<group>"; };
		E48DE7522B82A4DE00D16073 /* Preview Assets.xcassets */ = {isa = PBXFileReference; lastKnownFileType = folder.assetcatalog; path = "Preview Assets.xcassets"; sourceTree = "<group>"; };
		E48DE7592B82A57B00D16073 /* Person.swift */ = {isa = PBXFileReference; lastKnownFileType = sourcecode.swift; path = Person.swift; sourceTree = "<group>"; };
		E48DE75B2B82A58A00D16073 /* DetailView.swift */ = {isa = PBXFileReference; lastKnownFileType = sourcecode.swift; path = DetailView.swift; sourceTree = "<group>"; };
		E48DE75D2B82A5B100D16073 /* ContentView-ViewModel.swift */ = {isa = PBXFileReference; lastKnownFileType = sourcecode.swift; path = "ContentView-ViewModel.swift"; sourceTree = "<group>"; };
		E48DE75F2B82A5BF00D16073 /* DetailView-ViewModel.swift */ = {isa = PBXFileReference; lastKnownFileType = sourcecode.swift; path = "DetailView-ViewModel.swift"; sourceTree = "<group>"; };
		E48DE7612B82AE6D00D16073 /* AddView.swift */ = {isa = PBXFileReference; lastKnownFileType = sourcecode.swift; path = AddView.swift; sourceTree = "<group>"; };
		E48DE7632B84427800D16073 /* AddView-ViewModel.swift */ = {isa = PBXFileReference; lastKnownFileType = sourcecode.swift; path = "AddView-ViewModel.swift"; sourceTree = "<group>"; };
/* End PBXFileReference section */

/* Begin PBXFrameworksBuildPhase section */
		E48DE7452B82A4D900D16073 /* Frameworks */ = {
			isa = PBXFrameworksBuildPhase;
			buildActionMask = 2147483647;
			files = (
			);
			runOnlyForDeploymentPostprocessing = 0;
		};
/* End PBXFrameworksBuildPhase section */

/* Begin PBXGroup section */
		E48DE73F2B82A4D900D16073 = {
			isa = PBXGroup;
			children = (
				E48DE74A2B82A4D900D16073 /* MemoryFace */,
				E48DE7492B82A4D900D16073 /* Products */,
			);
			sourceTree = "<group>";
		};
		E48DE7492B82A4D900D16073 /* Products */ = {
			isa = PBXGroup;
			children = (
				E48DE7482B82A4D900D16073 /* MemoryFace.app */,
			);
			name = Products;
			sourceTree = "<group>";
		};
		E48DE74A2B82A4D900D16073 /* MemoryFace */ = {
			isa = PBXGroup;
			children = (
				E48DE74B2B82A4D900D16073 /* MemoryFaceApp.swift */,
				E48DE74D2B82A4D900D16073 /* ContentView.swift */,
				E48DE75D2B82A5B100D16073 /* ContentView-ViewModel.swift */,
				E48DE75B2B82A58A00D16073 /* DetailView.swift */,
				E48DE75F2B82A5BF00D16073 /* DetailView-ViewModel.swift */,
				E48DE7612B82AE6D00D16073 /* AddView.swift */,
				E48DE7632B84427800D16073 /* AddView-ViewModel.swift */,
				E48DE7592B82A57B00D16073 /* Person.swift */,
				E48DE74F2B82A4DE00D16073 /* Assets.xcassets */,
				E48DE7512B82A4DE00D16073 /* Preview Content */,
			);
			path = MemoryFace;
			sourceTree = "<group>";
		};
		E48DE7512B82A4DE00D16073 /* Preview Content */ = {
			isa = PBXGroup;
			children = (
				E48DE7522B82A4DE00D16073 /* Preview Assets.xcassets */,
			);
			path = "Preview Content";
			sourceTree = "<group>";
		};
/* End PBXGroup section */

/* Begin PBXNativeTarget section */
		E48DE7472B82A4D900D16073 /* MemoryFace */ = {
			isa = PBXNativeTarget;
			buildConfigurationList = E48DE7562B82A4DE00D16073 /* Build configuration list for PBXNativeTarget "MemoryFace" */;
			buildPhases = (
				E48DE7442B82A4D900D16073 /* Sources */,
				E48DE7452B82A4D900D16073 /* Frameworks */,
				E48DE7462B82A4D900D16073 /* Resources */,
			);
			buildRules = (
			);
			dependencies = (
			);
			name = MemoryFace;
			productName = MemoryFace;
			productReference = E48DE7482B82A4D900D16073 /* MemoryFace.app */;
			productType = "com.apple.product-type.application";
		};
/* End PBXNativeTarget section */

/* Begin PBXProject section */
		E48DE7402B82A4D900D16073 /* Project object */ = {
			isa = PBXProject;
			attributes = {
				BuildIndependentTargetsInParallel = 1;
				LastSwiftUpdateCheck = 1500;
				LastUpgradeCheck = 1500;
				TargetAttributes = {
					E48DE7472B82A4D900D16073 = {
						CreatedOnToolsVersion = 15.0.1;
					};
				};
			};
			buildConfigurationList = E48DE7432B82A4D900D16073 /* Build configuration list for PBXProject "MemoryFace" */;
			compatibilityVersion = "Xcode 14.0";
			developmentRegion = en;
			hasScannedForEncodings = 0;
			knownRegions = (
				en,
				Base,
			);
			mainGroup = E48DE73F2B82A4D900D16073;
			productRefGroup = E48DE7492B82A4D900D16073 /* Products */;
			projectDirPath = "";
			projectRoot = "";
			targets = (
				E48DE7472B82A4D900D16073 /* MemoryFace */,
			);
		};
/* End PBXProject section */

/* Begin PBXResourcesBuildPhase section */
		E48DE7462B82A4D900D16073 /* Resources */ = {
			isa = PBXResourcesBuildPhase;
			buildActionMask = 2147483647;
			files = (
				E48DE7532B82A4DE00D16073 /* Preview Assets.xcassets in Resources */,
				E48DE7502B82A4DE00D16073 /* Assets.xcassets in Resources */,
			);
			runOnlyForDeploymentPostprocessing = 0;
		};
/* End PBXResourcesBuildPhase section */

/* Begin PBXSourcesBuildPhase section */
		E48DE7442B82A4D900D16073 /* Sources */ = {
			isa = PBXSourcesBuildPhase;
			buildActionMask = 2147483647;
			files = (
				E48DE7622B82AE6D00D16073 /* AddView.swift in Sources */,
				E48DE75A2B82A57B00D16073 /* Person.swift in Sources */,
				E48DE75C2B82A58A00D16073 /* DetailView.swift in Sources */,
				E48DE7602B82A5BF00D16073 /* DetailView-ViewModel.swift in Sources */,
				E48DE75E2B82A5B100D16073 /* ContentView-ViewModel.swift in Sources */,
				E48DE74E2B82A4D900D16073 /* ContentView.swift in Sources */,
				E48DE74C2B82A4D900D16073 /* MemoryFaceApp.swift in Sources */,
				E48DE7642B84427800D16073 /* AddView-ViewModel.swift in Sources */,
			);
			runOnlyForDeploymentPostprocessing = 0;
		};
/* End PBXSourcesBuildPhase section */

/* Begin XCBuildConfiguration section */
		E48DE7542B82A4DE00D16073 /* Debug */ = {
			isa = XCBuildConfiguration;
			buildSettings = {
				ALWAYS_SEARCH_USER_PATHS = NO;
				ASSETCATALOG_COMPILER_GENERATE_SWIFT_ASSET_SYMBOL_EXTENSIONS = YES;
				CLANG_ANALYZER_NONNULL = YES;
				CLANG_ANALYZER_NUMBER_OBJECT_CONVERSION = YES_AGGRESSIVE;
				CLANG_CXX_LANGUAGE_STANDARD = "gnu++20";
				CLANG_ENABLE_MODULES = YES;
				CLANG_ENABLE_OBJC_ARC = YES;
				CLANG_ENABLE_OBJC_WEAK = YES;
				CLANG_WARN_BLOCK_CAPTURE_AUTORELEASING = YES;
				CLANG_WARN_BOOL_CONVERSION = YES;
				CLANG_WARN_COMMA = YES;
				CLANG_WARN_CONSTANT_CONVERSION = YES;
				CLANG_WARN_DEPRECATED_OBJC_IMPLEMENTATIONS = YES;
				CLANG_WARN_DIRECT_OBJC_ISA_USAGE = YES_ERROR;
				CLANG_WARN_DOCUMENTATION_COMMENTS = YES;
				CLANG_WARN_EMPTY_BODY = YES;
				CLANG_WARN_ENUM_CONVERSION = YES;
				CLANG_WARN_INFINITE_RECURSION = YES;
				CLANG_WARN_INT_CONVERSION = YES;
				CLANG_WARN_NON_LITERAL_NULL_CONVERSION = YES;
				CLANG_WARN_OBJC_IMPLICIT_RETAIN_SELF = YES;
				CLANG_WARN_OBJC_LITERAL_CONVERSION = YES;
				CLANG_WARN_OBJC_ROOT_CLASS = YES_ERROR;
				CLANG_WARN_QUOTED_INCLUDE_IN_FRAMEWORK_HEADER = YES;
				CLANG_WARN_RANGE_LOOP_ANALYSIS = YES;
				CLANG_WARN_STRICT_PROTOTYPES = YES;
				CLANG_WARN_SUSPICIOUS_MOVE = YES;
				CLANG_WARN_UNGUARDED_AVAILABILITY = YES_AGGRESSIVE;
				CLANG_WARN_UNREACHABLE_CODE = YES;
				CLANG_WARN__DUPLICATE_METHOD_MATCH = YES;
				COPY_PHASE_STRIP = NO;
				DEBUG_INFORMATION_FORMAT = dwarf;
				ENABLE_STRICT_OBJC_MSGSEND = YES;
				ENABLE_TESTABILITY = YES;
				ENABLE_USER_SCRIPT_SANDBOXING = YES;
				GCC_C_LANGUAGE_STANDARD = gnu17;
				GCC_DYNAMIC_NO_PIC = NO;
				GCC_NO_COMMON_BLOCKS = YES;
				GCC_OPTIMIZATION_LEVEL = 0;
				GCC_PREPROCESSOR_DEFINITIONS = (
					"DEBUG=1",
					"$(inherited)",
				);
				GCC_WARN_64_TO_32_BIT_CONVERSION = YES;
				GCC_WARN_ABOUT_RETURN_TYPE = YES_ERROR;
				GCC_WARN_UNDECLARED_SELECTOR = YES;
				GCC_WARN_UNINITIALIZED_AUTOS = YES_AGGRESSIVE;
				GCC_WARN_UNUSED_FUNCTION = YES;
				GCC_WARN_UNUSED_VARIABLE = YES;
				IPHONEOS_DEPLOYMENT_TARGET = 17.0;
				LOCALIZATION_PREFERS_STRING_CATALOGS = YES;
				MTL_ENABLE_DEBUG_INFO = INCLUDE_SOURCE;
				MTL_FAST_MATH = YES;
				ONLY_ACTIVE_ARCH = YES;
				SDKROOT = iphoneos;
				SWIFT_ACTIVE_COMPILATION_CONDITIONS = "DEBUG $(inherited)";
				SWIFT_OPTIMIZATION_LEVEL = "-Onone";
			};
			name = Debug;
		};
		E48DE7552B82A4DE00D16073 /* Release */ = {
			isa = XCBuildConfiguration;
			buildSettings = {
				ALWAYS_SEARCH_USER_PATHS = NO;
				ASSETCATALOG_COMPILER_GENERATE_SWIFT_ASSET_SYMBOL_EXTENSIONS = YES;
				CLANG_ANALYZER_NONNULL = YES;
				CLANG_ANALYZER_NUMBER_OBJECT_CONVERSION = YES_AGGRESSIVE;
				CLANG_CXX_LANGUAGE_STANDARD = "gnu++20";
				CLANG_ENABLE_MODULES = YES;
				CLANG_ENABLE_OBJC_ARC = YES;
				CLANG_ENABLE_OBJC_WEAK = YES;
				CLANG_WARN_BLOCK_CAPTURE_AUTORELEASING = YES;
				CLANG_WARN_BOOL_CONVERSION = YES;
				CLANG_WARN_COMMA = YES;
				CLANG_WARN_CONSTANT_CONVERSION = YES;
				CLANG_WARN_DEPRECATED_OBJC_IMPLEMENTATIONS = YES;
				CLANG_WARN_DIRECT_OBJC_ISA_USAGE = YES_ERROR;
				CLANG_WARN_DOCUMENTATION_COMMENTS = YES;
				CLANG_WARN_EMPTY_BODY = YES;
				CLANG_WARN_ENUM_CONVERSION = YES;
				CLANG_WARN_INFINITE_RECURSION = YES;
				CLANG_WARN_INT_CONVERSION = YES;
				CLANG_WARN_NON_LITERAL_NULL_CONVERSION = YES;
				CLANG_WARN_OBJC_IMPLICIT_RETAIN_SELF = YES;
				CLANG_WARN_OBJC_LITERAL_CONVERSION = YES;
				CLANG_WARN_OBJC_ROOT_CLASS = YES_ERROR;
				CLANG_WARN_QUOTED_INCLUDE_IN_FRAMEWORK_HEADER = YES;
				CLANG_WARN_RANGE_LOOP_ANALYSIS = YES;
				CLANG_WARN_STRICT_PROTOTYPES = YES;
				CLANG_WARN_SUSPICIOUS_MOVE = YES;
				CLANG_WARN_UNGUARDED_AVAILABILITY = YES_AGGRESSIVE;
				CLANG_WARN_UNREACHABLE_CODE = YES;
				CLANG_WARN__DUPLICATE_METHOD_MATCH = YES;
				COPY_PHASE_STRIP = NO;
				DEBUG_INFORMATION_FORMAT = "dwarf-with-dsym";
				ENABLE_NS_ASSERTIONS = NO;
				ENABLE_STRICT_OBJC_MSGSEND = YES;
				ENABLE_USER_SCRIPT_SANDBOXING = YES;
				GCC_C_LANGUAGE_STANDARD = gnu17;
				GCC_NO_COMMON_BLOCKS = YES;
				GCC_WARN_64_TO_32_BIT_CONVERSION = YES;
				GCC_WARN_ABOUT_RETURN_TYPE = YES_ERROR;
				GCC_WARN_UNDECLARED_SELECTOR = YES;
				GCC_WARN_UNINITIALIZED_AUTOS = YES_AGGRESSIVE;
				GCC_WARN_UNUSED_FUNCTION = YES;
				GCC_WARN_UNUSED_VARIABLE = YES;
				IPHONEOS_DEPLOYMENT_TARGET = 17.0;
				LOCALIZATION_PREFERS_STRING_CATALOGS = YES;
				MTL_ENABLE_DEBUG_INFO = NO;
				MTL_FAST_MATH = YES;
				SDKROOT = iphoneos;
				SWIFT_COMPILATION_MODE = wholemodule;
				VALIDATE_PRODUCT = YES;
			};
			name = Release;
		};
		E48DE7572B82A4DE00D16073 /* Debug */ = {
			isa = XCBuildConfiguration;
			buildSettings = {
				ASSETCATALOG_COMPILER_APPICON_NAME = AppIcon;
				ASSETCATALOG_COMPILER_GLOBAL_ACCENT_COLOR_NAME = AccentColor;
				CODE_SIGN_STYLE = Automatic;
				CURRENT_PROJECT_VERSION = 1;
				DEVELOPMENT_ASSET_PATHS = "\"MemoryFace/Preview Content\"";
				DEVELOPMENT_TEAM = VVAT3K73GM;
				ENABLE_PREVIEWS = YES;
				GENERATE_INFOPLIST_FILE = YES;
				INFOPLIST_KEY_UIApplicationSceneManifest_Generation = YES;
				INFOPLIST_KEY_UIApplicationSupportsIndirectInputEvents = YES;
				INFOPLIST_KEY_UILaunchScreen_Generation = YES;
				INFOPLIST_KEY_UISupportedInterfaceOrientations_iPad = "UIInterfaceOrientationPortrait UIInterfaceOrientationPortraitUpsideDown UIInterfaceOrientationLandscapeLeft UIInterfaceOrientationLandscapeRight";
				INFOPLIST_KEY_UISupportedInterfaceOrientations_iPhone = "UIInterfaceOrientationPortrait UIInterfaceOrientationLandscapeLeft UIInterfaceOrientationLandscapeRight";
				LD_RUNPATH_SEARCH_PATHS = (
					"$(inherited)",
					"@executable_path/Frameworks",
				);
				MARKETING_VERSION = 1.0;
				PRODUCT_BUNDLE_IDENTIFIER = com.Brosiah.MemoryFace;
				PRODUCT_NAME = "$(TARGET_NAME)";
				SWIFT_EMIT_LOC_STRINGS = YES;
				SWIFT_VERSION = 5.0;
				TARGETED_DEVICE_FAMILY = "1,2";
			};
			name = Debug;
		};
		E48DE7582B82A4DE00D16073 /* Release */ = {
			isa = XCBuildConfiguration;
			buildSettings = {
				ASSETCATALOG_COMPILER_APPICON_NAME = AppIcon;
				ASSETCATALOG_COMPILER_GLOBAL_ACCENT_COLOR_NAME = AccentColor;
				CODE_SIGN_STYLE = Automatic;
				CURRENT_PROJECT_VERSION = 1;
				DEVELOPMENT_ASSET_PATHS = "\"MemoryFace/Preview Content\"";
				DEVELOPMENT_TEAM = VVAT3K73GM;
				ENABLE_PREVIEWS = YES;
				GENERATE_INFOPLIST_FILE = YES;
				INFOPLIST_KEY_UIApplicationSceneManifest_Generation = YES;
				INFOPLIST_KEY_UIApplicationSupportsIndirectInputEvents = YES;
				INFOPLIST_KEY_UILaunchScreen_Generation = YES;
				INFOPLIST_KEY_UISupportedInterfaceOrientations_iPad = "UIInterfaceOrientationPortrait UIInterfaceOrientationPortraitUpsideDown UIInterfaceOrientationLandscapeLeft UIInterfaceOrientationLandscapeRight";
				INFOPLIST_KEY_UISupportedInterfaceOrientations_iPhone = "UIInterfaceOrientationPortrait UIInterfaceOrientationLandscapeLeft UIInterfaceOrientationLandscapeRight";
				LD_RUNPATH_SEARCH_PATHS = (
					"$(inherited)",
					"@executable_path/Frameworks",
				);
				MARKETING_VERSION = 1.0;
				PRODUCT_BUNDLE_IDENTIFIER = com.Brosiah.MemoryFace;
				PRODUCT_NAME = "$(TARGET_NAME)";
				SWIFT_EMIT_LOC_STRINGS = YES;
				SWIFT_VERSION = 5.0;
				TARGETED_DEVICE_FAMILY = "1,2";
			};
			name = Release;
		};
/* End XCBuildConfiguration section */

/* Begin XCConfigurationList section */
		E48DE7432B82A4D900D16073 /* Build configuration list for PBXProject "MemoryFace" */ = {
			isa = XCConfigurationList;
			buildConfigurations = (
				E48DE7542B82A4DE00D16073 /* Debug */,
				E48DE7552B82A4DE00D16073 /* Release */,
			);
			defaultConfigurationIsVisible = 0;
			defaultConfigurationName = Release;
		};
		E48DE7562B82A4DE00D16073 /* Build configuration list for PBXNativeTarget "MemoryFace" */ = {
			isa = XCConfigurationList;
			buildConfigurations = (
				E48DE7572B82A4DE00D16073 /* Debug */,
				E48DE7582B82A4DE00D16073 /* Release */,
			);
			defaultConfigurationIsVisible = 0;
			defaultConfigurationName = Release;
		};
/* End XCConfigurationList section */
	};
	rootObject = E48DE7402B82A4D900D16073 /* Project object */;
}
